// !$*UTF8*$!
{
	archiveVersion = 1;
	classes = {
	};
	objectVersion = 50;
	objects = {

/* Begin PBXBuildFile section */
		F75D3A29214B2DA300CE5ACF /* AppDelegate.swift in Sources */ = {isa = PBXBuildFile; fileRef = F75D3A28214B2DA300CE5ACF /* AppDelegate.swift */; };
		F75D3A2B214B2DA300CE5ACF /* ViewController.swift in Sources */ = {isa = PBXBuildFile; fileRef = F75D3A2A214B2DA300CE5ACF /* ViewController.swift */; };
		F75D3A2E214B2DA300CE5ACF /* Main.storyboard in Resources */ = {isa = PBXBuildFile; fileRef = F75D3A2C214B2DA300CE5ACF /* Main.storyboard */; };
		F75D3A30214B2DA400CE5ACF /* Assets.xcassets in Resources */ = {isa = PBXBuildFile; fileRef = F75D3A2F214B2DA400CE5ACF /* Assets.xcassets */; };
		F75D3A33214B2DA400CE5ACF /* LaunchScreen.storyboard in Resources */ = {isa = PBXBuildFile; fileRef = F75D3A31214B2DA400CE5ACF /* LaunchScreen.storyboard */; };
/* End PBXBuildFile section */

/* Begin PBXFileReference section */
		F75D3A25214B2DA300CE5ACF /* lab1.app */ = {isa = PBXFileReference; explicitFileType = wrapper.application; includeInIndex = 0; path = lab1.app; sourceTree = BUILT_PRODUCTS_DIR; };
		F75D3A28214B2DA300CE5ACF /* AppDelegate.swift */ = {isa = PBXFileReference; lastKnownFileType = sourcecode.swift; path = AppDelegate.swift; sourceTree = "<group>"; };
		F75D3A2A214B2DA300CE5ACF /* ViewController.swift */ = {isa = PBXFileReference; lastKnownFileType = sourcecode.swift; path = ViewController.swift; sourceTree = "<group>"; };
		F75D3A2D214B2DA300CE5ACF /* Base */ = {isa = PBXFileReference; lastKnownFileType = file.storyboard; name = Base; path = Base.lproj/Main.storyboard; sourceTree = "<group>"; };
		F75D3A2F214B2DA400CE5ACF /* Assets.xcassets */ = {isa = PBXFileReference; lastKnownFileType = folder.assetcatalog; path = Assets.xcassets; sourceTree = "<group>"; };
		F75D3A32214B2DA400CE5ACF /* Base */ = {isa = PBXFileReference; lastKnownFileType = file.storyboard; name = Base; path = Base.lproj/LaunchScreen.storyboard; sourceTree = "<group>"; };
		F75D3A34214B2DA400CE5ACF /* Info.plist */ = {isa = PBXFileReference; lastKnownFileType = text.plist.xml; path = Info.plist; sourceTree = "<group>"; };
/* End PBXFileReference section */

/* Begin PBXFrameworksBuildPhase section */
		F75D3A22214B2DA300CE5ACF /* Frameworks */ = {
			isa = PBXFrameworksBuildPhase;
			buildActionMask = 2147483647;
			files = (
			);
			runOnlyForDeploymentPostprocessing = 0;
		};
/* End PBXFrameworksBuildPhase section */

/* Begin PBXGroup section */
		F75D3A1C214B2DA300CE5ACF = {
			isa = PBXGroup;
			children = (
				F75D3A27214B2DA300CE5ACF /* lab1 */,
				F75D3A26214B2DA300CE5ACF /* Products */,
			);
			sourceTree = "<group>";
		};
		F75D3A26214B2DA300CE5ACF /* Products */ = {
			isa = PBXGroup;
			children = (
				F75D3A25214B2DA300CE5ACF /* lab1.app */,
			);
			name = Products;
			sourceTree = "<group>";
		};
		F75D3A27214B2DA300CE5ACF /* lab1 */ = {
			isa = PBXGroup;
			children = (
				F75D3A28214B2DA300CE5ACF /* AppDelegate.swift */,
				F75D3A2A214B2DA300CE5ACF /* ViewController.swift */,
				F75D3A2C214B2DA300CE5ACF /* Main.storyboard */,
				F75D3A2F214B2DA400CE5ACF /* Assets.xcassets */,
				F75D3A31214B2DA400CE5ACF /* LaunchScreen.storyboard */,
				F75D3A34214B2DA400CE5ACF /* Info.plist */,
			);
			path = lab1;
			sourceTree = "<group>";
		};
/* End PBXGroup section */

/* Begin PBXNativeTarget section */
		F75D3A24214B2DA300CE5ACF /* lab1 */ = {
			isa = PBXNativeTarget;
			buildConfigurationList = F75D3A37214B2DA400CE5ACF /* Build configuration list for PBXNativeTarget "lab1" */;
			buildPhases = (
				F75D3A21214B2DA300CE5ACF /* Sources */,
				F75D3A22214B2DA300CE5ACF /* Frameworks */,
				F75D3A23214B2DA300CE5ACF /* Resources */,
			);
			buildRules = (
			);
			dependencies = (
			);
			name = lab1;
			productName = lab1;
			productReference = F75D3A25214B2DA300CE5ACF /* lab1.app */;
			productType = "com.apple.product-type.application";
		};
/* End PBXNativeTarget section */

/* Begin PBXProject section */
		F75D3A1D214B2DA300CE5ACF /* Project object */ = {
			isa = PBXProject;
			attributes = {
				LastSwiftUpdateCheck = 0940;
				LastUpgradeCheck = 0940;
				ORGANIZATIONNAME = "Aidan OConnor";
				TargetAttributes = {
					F75D3A24214B2DA300CE5ACF = {
						CreatedOnToolsVersion = 9.4.1;
					};
				};
			};
			buildConfigurationList = F75D3A20214B2DA300CE5ACF /* Build configuration list for PBXProject "lab1" */;
			compatibilityVersion = "Xcode 9.3";
			developmentRegion = en;
			hasScannedForEncodings = 0;
			knownRegions = (
				en,
				Base,
			);
			mainGroup = F75D3A1C214B2DA300CE5ACF;
			productRefGroup = F75D3A26214B2DA300CE5ACF /* Products */;
			projectDirPath = "";
			projectRoot = "";
			targets = (
				F75D3A24214B2DA300CE5ACF /* lab1 */,
			);
		};
/* End PBXProject section */

/* Begin PBXResourcesBuildPhase section */
		F75D3A23214B2DA300CE5ACF /* Resources */ = {
			isa = PBXResourcesBuildPhase;
			buildActionMask = 2147483647;
			files = (
				F75D3A33214B2DA400CE5ACF /* LaunchScreen.storyboard in Resources */,
				F75D3A30214B2DA400CE5ACF /* Assets.xcassets in Resources */,
				F75D3A2E214B2DA300CE5ACF /* Main.storyboard in Resources */,
			);
			runOnlyForDeploymentPostprocessing = 0;
		};
/* End PBXResourcesBuildPhase section */

/* Begin PBXSourcesBuildPhase section */
		F75D3A21214B2DA300CE5ACF /* Sources */ = {
			isa = PBXSourcesBuildPhase;
			buildActionMask = 2147483647;
			files = (
				F75D3A2B214B2DA300CE5ACF /* ViewController.swift in Sources */,
				F75D3A29214B2DA300CE5ACF /* AppDelegate.swift in Sources */,
			);
			runOnlyForDeploymentPostprocessing = 0;
		};
/* End PBXSourcesBuildPhase section */

/* Begin PBXVariantGroup section */
		F75D3A2C214B2DA300CE5ACF /* Main.storyboard */ = {
			isa = PBXVariantGroup;
			children = (
				F75D3A2D214B2DA300CE5ACF /* Base */,
			);
			name = Main.storyboard;
			sourceTree = "<group>";
		};
		F75D3A31214B2DA400CE5ACF /* LaunchScreen.storyboard */ = {
			isa = PBXVariantGroup;
			children = (
				F75D3A32214B2DA400CE5ACF /* Base */,
			);
			name = LaunchScreen.storyboard;
			sourceTree = "<group>";
		};
/* End PBXVariantGroup section */

/* Begin XCBuildConfiguration section */
		F75D3A35214B2DA400CE5ACF /* Debug */ = {
			isa = XCBuildConfiguration;
			buildSettings = {
				ALWAYS_SEARCH_USER_PATHS = NO;
				CLANG_ANALYZER_NONNULL = YES;
				CLANG_ANALYZER_NUMBER_OBJECT_CONVERSION = YES_AGGRESSIVE;
				CLANG_CXX_LANGUAGE_STANDARD = "gnu++14";
				CLANG_CXX_LIBRARY = "libc++";
				CLANG_ENABLE_MODULES = YES;
				CLANG_ENABLE_OBJC_ARC = YES;
				CLANG_ENABLE_OBJC_WEAK = YES;
				CLANG_WARN_BLOCK_CAPTURE_AUTORELEASING = YES;
				CLANG_WARN_BOOL_CONVERSION = YES;
				CLANG_WARN_COMMA = YES;
				CLANG_WARN_CONSTANT_CONVERSION = YES;
				CLANG_WARN_DEPRECATED_OBJC_IMPLEMENTATIONS = YES;
				CLANG_WARN_DIRECT_OBJC_ISA_USAGE = YES_ERROR;
				CLANG_WARN_DOCUMENTATION_COMMENTS = YES;
				CLANG_WARN_EMPTY_BODY = YES;
				CLANG_WARN_ENUM_CONVERSION = YES;
				CLANG_WARN_INFINITE_RECURSION = YES;
				CLANG_WARN_INT_CONVERSION = YES;
				CLANG_WARN_NON_LITERAL_NULL_CONVERSION = YES;
				CLANG_WARN_OBJC_IMPLICIT_RETAIN_SELF = YES;
				CLANG_WARN_OBJC_LITERAL_CONVERSION = YES;
				CLANG_WARN_OBJC_ROOT_CLASS = YES_ERROR;
				CLANG_WARN_RANGE_LOOP_ANALYSIS = YES;
				CLANG_WARN_STRICT_PROTOTYPES = YES;
				CLANG_WARN_SUSPICIOUS_MOVE = YES;
				CLANG_WARN_UNGUARDED_AVAILABILITY = YES_AGGRESSIVE;
				CLANG_WARN_UNREACHABLE_CODE = YES;
				CLANG_WARN__DUPLICATE_METHOD_MATCH = YES;
				CODE_SIGN_IDENTITY = "iPhone Developer";
				COPY_PHASE_STRIP = NO;
				DEBUG_INFORMATION_FORMAT = dwarf;
				ENABLE_STRICT_OBJC_MSGSEND = YES;
				ENABLE_TESTABILITY = YES;
				GCC_C_LANGUAGE_STANDARD = gnu11;
				GCC_DYNAMIC_NO_PIC = NO;
				GCC_NO_COMMON_BLOCKS = YES;
				GCC_OPTIMIZATION_LEVEL = 0;
				GCC_PREPROCESSOR_DEFINITIONS = (
					"DEBUG=1",
					"$(inherited)",
				);
				GCC_WARN_64_TO_32_BIT_CONVERSION = YES;
				GCC_WARN_ABOUT_RETURN_TYPE = YES_ERROR;
				GCC_WARN_UNDECLARED_SELECTOR = YES;
				GCC_WARN_UNINITIALIZED_AUTOS = YES_AGGRESSIVE;
				GCC_WARN_UNUSED_FUNCTION = YES;
				GCC_WARN_UNUSED_VARIABLE = YES;
				IPHONEOS_DEPLOYMENT_TARGET = 11.4;
				MTL_ENABLE_DEBUG_INFO = YES;
				ONLY_ACTIVE_ARCH = YES;
				SDKROOT = iphoneos;
				SWIFT_ACTIVE_COMPILATION_CONDITIONS = DEBUG;
				SWIFT_OPTIMIZATION_LEVEL = "-Onone";
			};
			name = Debug;
		};
		F75D3A36214B2DA400CE5ACF /* Release */ = {
			isa = XCBuildConfiguration;
			buildSettings = {
				ALWAYS_SEARCH_USER_PATHS = NO;
				CLANG_ANALYZER_NONNULL = YES;
				CLANG_ANALYZER_NUMBER_OBJECT_CONVERSION = YES_AGGRESSIVE;
				CLANG_CXX_LANGUAGE_STANDARD = "gnu++14";
				CLANG_CXX_LIBRARY = "libc++";
				CLANG_ENABLE_MODULES = YES;
				CLANG_ENABLE_OBJC_ARC = YES;
				CLANG_ENABLE_OBJC_WEAK = YES;
				CLANG_WARN_BLOCK_CAPTURE_AUTORELEASING = YES;
				CLANG_WARN_BOOL_CONVERSION = YES;
				CLANG_WARN_COMMA = YES;
				CLANG_WARN_CONSTANT_CONVERSION = YES;
				CLANG_WARN_DEPRECATED_OBJC_IMPLEMENTATIONS = YES;
				CLANG_WARN_DIRECT_OBJC_ISA_USAGE = YES_ERROR;
				CLANG_WARN_DOCUMENTATION_COMMENTS = YES;
				CLANG_WARN_EMPTY_BODY = YES;
				CLANG_WARN_ENUM_CONVERSION = YES;
				CLANG_WARN_INFINITE_RECURSION = YES;
				CLANG_WARN_INT_CONVERSION = YES;
				CLANG_WARN_NON_LITERAL_NULL_CONVERSION = YES;
				CLANG_WARN_OBJC_IMPLICIT_RETAIN_SELF = YES;
				CLANG_WARN_OBJC_LITERAL_CONVERSION = YES;
				CLANG_WARN_OBJC_ROOT_CLASS = YES_ERROR;
				CLANG_WARN_RANGE_LOOP_ANALYSIS = YES;
				CLANG_WARN_STRICT_PROTOTYPES = YES;
				CLANG_WARN_SUSPICIOUS_MOVE = YES;
				CLANG_WARN_UNGUARDED_AVAILABILITY = YES_AGGRESSIVE;
				CLANG_WARN_UNREACHABLE_CODE = YES;
				CLANG_WARN__DUPLICATE_METHOD_MATCH = YES;
				CODE_SIGN_IDENTITY = "iPhone Developer";
				COPY_PHASE_STRIP = NO;
				DEBUG_INFORMATION_FORMAT = "dwarf-with-dsym";
				ENABLE_NS_ASSERTIONS = NO;
				ENABLE_STRICT_OBJC_MSGSEND = YES;
				GCC_C_LANGUAGE_STANDARD = gnu11;
				GCC_NO_COMMON_BLOCKS = YES;
				GCC_WARN_64_TO_32_BIT_CONVERSION = YES;
				GCC_WARN_ABOUT_RETURN_TYPE = YES_ERROR;
				GCC_WARN_UNDECLARED_SELECTOR = YES;
				GCC_WARN_UNINITIALIZED_AUTOS = YES_AGGRESSIVE;
				GCC_WARN_UNUSED_FUNCTION = YES;
				GCC_WARN_UNUSED_VARIABLE = YES;
				IPHONEOS_DEPLOYMENT_TARGET = 11.4;
				MTL_ENABLE_DEBUG_INFO = NO;
				SDKROOT = iphoneos;
				SWIFT_COMPILATION_MODE = wholemodule;
				SWIFT_OPTIMIZATION_LEVEL = "-O";
				VALIDATE_PRODUCT = YES;
			};
			name = Release;
		};
		F75D3A38214B2DA400CE5ACF /* Debug */ = {
			isa = XCBuildConfiguration;
			buildSettings = {
				ASSETCATALOG_COMPILER_APPICON_NAME = AppIcon;
				CODE_SIGN_STYLE = Automatic;
				DEVELOPMENT_TEAM = 6VJPZ2L35Z;
				INFOPLIST_FILE = lab1/Info.plist;
				LD_RUNPATH_SEARCH_PATHS = (
					"$(inherited)",
					"@executable_path/Frameworks",
				);
				PRODUCT_BUNDLE_IDENTIFIER = AGO.lab1;
				PRODUCT_NAME = "$(TARGET_NAME)";
				SWIFT_VERSION = 4.0;
				TARGETED_DEVICE_FAMILY = "1,2";
			};
			name = Debug;
		};
		F75D3A39214B2DA400CE5ACF /* Release */ = {
			isa = XCBuildConfiguration;
			buildSettings = {
				ASSETCATALOG_COMPILER_APPICON_NAME = AppIcon;
				CODE_SIGN_STYLE = Automatic;
				DEVELOPMENT_TEAM = 6VJPZ2L35Z;
				INFOPLIST_FILE = lab1/Info.plist;
				LD_RUNPATH_SEARCH_PATHS = (
					"$(inherited)",
					"@executable_path/Frameworks",
				);
				PRODUCT_BUNDLE_IDENTIFIER = AGO.lab1;
				PRODUCT_NAME = "$(TARGET_NAME)";
				SWIFT_VERSION = 4.0;
				TARGETED_DEVICE_FAMILY = "1,2";
			};
			name = Release;
		};
/* End XCBuildConfiguration section */

/* Begin XCConfigurationList section */
		F75D3A20214B2DA300CE5ACF /* Build configuration list for PBXProject "lab1" */ = {
			isa = XCConfigurationList;
			buildConfigurations = (
				F75D3A35214B2DA400CE5ACF /* Debug */,
				F75D3A36214B2DA400CE5ACF /* Release */,
			);
			defaultConfigurationIsVisible = 0;
			defaultConfigurationName = Release;
		};
		F75D3A37214B2DA400CE5ACF /* Build configuration list for PBXNativeTarget "lab1" */ = {
			isa = XCConfigurationList;
			buildConfigurations = (
				F75D3A38214B2DA400CE5ACF /* Debug */,
				F75D3A39214B2DA400CE5ACF /* Release */,
			);
			defaultConfigurationIsVisible = 0;
			defaultConfigurationName = Release;
		};
/* End XCConfigurationList section */
	};
	rootObject = F75D3A1D214B2DA300CE5ACF /* Project object */;
}
